
Microsoft Visual Studio Solution File, Format Version 12.00
# Visual Studio Version 17
VisualStudioVersion = 17.6.33829.357
MinimumVisualStudioVersion = 10.0.40219.1
Project("{FAE04EC0-301F-11D3-BF4B-00C04F79EFBC}") = "StokTakip", "StokTakip\StokTakip.csproj", "{44206B81-9A83-46BB-8573-E86C8DCC9772}"
EndProject
Global
	GlobalSection(SolutionConfigurationPlatforms) = preSolution
		Debug|Any CPU = Debug|Any CPU
		Release|Any CPU = Release|Any CPU
	EndGlobalSection
	GlobalSection(ProjectConfigurationPlatforms) = postSolution
		{44206B81-9A83-46BB-8573-E86C8DCC9772}.Debug|Any CPU.ActiveCfg = Debug|Any CPU
		{44206B81-9A83-46BB-8573-E86C8DCC9772}.Debug|Any CPU.Build.0 = Debug|Any CPU
		{44206B81-9A83-46BB-8573-E86C8DCC9772}.Release|Any CPU.ActiveCfg = Release|Any CPU
		{44206B81-9A83-46BB-8573-E86C8DCC9772}.Release|Any CPU.Build.0 = Release|Any CPU
	EndGlobalSection
	GlobalSection(SolutionProperties) = preSolution
		HideSolutionNode = FALSE
	EndGlobalSection
	GlobalSection(ExtensibilityGlobals) = postSolution
		SolutionGuid = {65415E44-057A-435D-B9F7-84FAEC652900}
	EndGlobalSection
EndGlobal
